# This file is automatically @generated by Cargo.
# It is not intended for manual editing.
version = 4

[[package]]
name = "aoc-2015-01-part1"
version = "0.1.0"
dependencies = [
 "shared",
]

[[package]]
name = "aoc-2015-01-part2"
version = "0.1.0"
dependencies = [
 "shared",
]

[[package]]
name = "aoc-2015-02-part1"
version = "0.1.0"
dependencies = [
 "shared",
]

[[package]]
name = "aoc-2015-02-part2"
version = "0.1.0"
dependencies = [
 "shared",
]

[[package]]
name = "aoc-2015-03-part1"
version = "0.1.0"
dependencies = [
 "shared",
]

[[package]]
name = "aoc-2015-03-part2"
version = "0.1.0"
dependencies = [
 "shared",
]

[[package]]
name = "aoc-2015-04-part1"
version = "0.1.0"

[[package]]
name = "shared"
version = "0.1.0"
